
Microsoft Visual Studio Solution File, Format Version 12.00
# Visual Studio Version 16
VisualStudioVersion = 16.0.30804.86
MinimumVisualStudioVersion = 10.0.40219.1
Project("{F2A71F9B-5D33-465A-A702-920D77279786}") = "Charmander", "Charmander\Charmander.fsproj", "{3C181C21-A434-4E68-B26A-C6B70EA49003}"
EndProject
Global
	GlobalSection(SolutionConfigurationPlatforms) = preSolution
		Debug|Any CPU = Debug|Any CPU
		Release|Any CPU = Release|Any CPU
	EndGlobalSection
	GlobalSection(ProjectConfigurationPlatforms) = postSolution
		{3C181C21-A434-4E68-B26A-C6B70EA49003}.Debug|Any CPU.ActiveCfg = Debug|Any CPU
		{3C181C21-A434-4E68-B26A-C6B70EA49003}.Debug|Any CPU.Build.0 = Debug|Any CPU
		{3C181C21-A434-4E68-B26A-C6B70EA49003}.Release|Any CPU.ActiveCfg = Release|Any CPU
		{3C181C21-A434-4E68-B26A-C6B70EA49003}.Release|Any CPU.Build.0 = Release|Any CPU
	EndGlobalSection
	GlobalSection(SolutionProperties) = preSolution
		HideSolutionNode = FALSE
	EndGlobalSection
	GlobalSection(ExtensibilityGlobals) = postSolution
		SolutionGuid = {A6749CF7-70E0-4FE0-BFFA-68FED5571C5E}
	EndGlobalSection
EndGlobal
